
Microsoft Visual Studio Solution File, Format Version 12.00
# Visual Studio Version 17
VisualStudioVersion = 17.7.34024.191
MinimumVisualStudioVersion = 10.0.40219.1
Project("{FAE04EC0-301F-11D3-BF4B-00C04F79EFBC}") = "Laba#1_OOP(Part 1)", "Laba#1_OOP(Part 1).csproj", "{D8D60AA3-2D31-4269-BFC7-D5244344C6D0}"
EndProject
Global
	GlobalSection(SolutionConfigurationPlatforms) = preSolution
		Debug|Any CPU = Debug|Any CPU
		Release|Any CPU = Release|Any CPU
	EndGlobalSection
	GlobalSection(ProjectConfigurationPlatforms) = postSolution
		{D8D60AA3-2D31-4269-BFC7-D5244344C6D0}.Debug|Any CPU.ActiveCfg = Debug|Any CPU
		{D8D60AA3-2D31-4269-BFC7-D5244344C6D0}.Debug|Any CPU.Build.0 = Debug|Any CPU
		{D8D60AA3-2D31-4269-BFC7-D5244344C6D0}.Release|Any CPU.ActiveCfg = Release|Any CPU
		{D8D60AA3-2D31-4269-BFC7-D5244344C6D0}.Release|Any CPU.Build.0 = Release|Any CPU
	EndGlobalSection
	GlobalSection(SolutionProperties) = preSolution
		HideSolutionNode = FALSE
	EndGlobalSection
	GlobalSection(ExtensibilityGlobals) = postSolution
		SolutionGuid = {43D5E464-12F7-4810-8C50-D51BB852865A}
	EndGlobalSection
EndGlobal
